
Microsoft Visual Studio Solution File, Format Version 12.00
# Visual Studio 15
VisualStudioVersion = 15.0.28307.421
MinimumVisualStudioVersion = 10.0.40219.1
Project("{FAE04EC0-301F-11D3-BF4B-00C04F79EFBC}") = "Projekt", "Projekt\Projekt.csproj", "{C784CB8F-66AC-4CC7-8F9F-B909ACB24A7E}"
EndProject
Global
	GlobalSection(SolutionConfigurationPlatforms) = preSolution
		Debug|Any CPU = Debug|Any CPU
		Release|Any CPU = Release|Any CPU
	EndGlobalSection
	GlobalSection(ProjectConfigurationPlatforms) = postSolution
		{C784CB8F-66AC-4CC7-8F9F-B909ACB24A7E}.Debug|Any CPU.ActiveCfg = Debug|Any CPU
		{C784CB8F-66AC-4CC7-8F9F-B909ACB24A7E}.Debug|Any CPU.Build.0 = Debug|Any CPU
		{C784CB8F-66AC-4CC7-8F9F-B909ACB24A7E}.Release|Any CPU.ActiveCfg = Release|Any CPU
		{C784CB8F-66AC-4CC7-8F9F-B909ACB24A7E}.Release|Any CPU.Build.0 = Release|Any CPU
	EndGlobalSection
	GlobalSection(SolutionProperties) = preSolution
		HideSolutionNode = FALSE
	EndGlobalSection
	GlobalSection(ExtensibilityGlobals) = postSolution
		SolutionGuid = {E39B479B-0FEB-4AB8-9EB1-A607F6C3EB71}
	EndGlobalSection
EndGlobal
